
Microsoft Visual Studio Solution File, Format Version 12.00
# Visual Studio Version 17
VisualStudioVersion = 17.7.34003.232
MinimumVisualStudioVersion = 10.0.40219.1
Project("{8BC9CEB8-8B4A-11D0-8D11-00A0C91BC942}") = "Pointer(8.23)", "Pointer(8.23).vcxproj", "{325725EC-CCE5-4174-9146-368C747D81C2}"
EndProject
Project("{8BC9CEB8-8B4A-11D0-8D11-00A0C91BC942}") = "指针数组", "..\指针数组\指针数组.vcxproj", "{16267FB6-4D18-488C-8EAD-C181528F8829}"
EndProject
Project("{8BC9CEB8-8B4A-11D0-8D11-00A0C91BC942}") = "指针的指针", "..\指针的指针\指针的指针.vcxproj", "{D95276C2-EAD5-4C96-9664-37B7E1FCE933}"
EndProject
Project("{8BC9CEB8-8B4A-11D0-8D11-00A0C91BC942}") = "函数返回指针变量", "..\函数返回指针变量\函数返回指针变量.vcxproj", "{D52CF11E-A97A-4717-BC3D-E431457F83E8}"
EndProject
Project("{8BC9CEB8-8B4A-11D0-8D11-00A0C91BC942}") = "函数指针与回调指针", "..\函数指针与指针函数\函数指针与指针函数.vcxproj", "{98D0D261-E42F-4240-AA1B-01732268F664}"
EndProject
Global
	GlobalSection(SolutionConfigurationPlatforms) = preSolution
		Debug|x64 = Debug|x64
		Debug|x86 = Debug|x86
		Release|x64 = Release|x64
		Release|x86 = Release|x86
	EndGlobalSection
	GlobalSection(ProjectConfigurationPlatforms) = postSolution
		{325725EC-CCE5-4174-9146-368C747D81C2}.Debug|x64.ActiveCfg = Debug|x64
		{325725EC-CCE5-4174-9146-368C747D81C2}.Debug|x64.Build.0 = Debug|x64
		{325725EC-CCE5-4174-9146-368C747D81C2}.Debug|x86.ActiveCfg = Debug|Win32
		{325725EC-CCE5-4174-9146-368C747D81C2}.Debug|x86.Build.0 = Debug|Win32
		{325725EC-CCE5-4174-9146-368C747D81C2}.Release|x64.ActiveCfg = Release|x64
		{325725EC-CCE5-4174-9146-368C747D81C2}.Release|x64.Build.0 = Release|x64
		{325725EC-CCE5-4174-9146-368C747D81C2}.Release|x86.ActiveCfg = Release|Win32
		{325725EC-CCE5-4174-9146-368C747D81C2}.Release|x86.Build.0 = Release|Win32
		{16267FB6-4D18-488C-8EAD-C181528F8829}.Debug|x64.ActiveCfg = Debug|x64
		{16267FB6-4D18-488C-8EAD-C181528F8829}.Debug|x64.Build.0 = Debug|x64
		{16267FB6-4D18-488C-8EAD-C181528F8829}.Debug|x86.ActiveCfg = Debug|Win32
		{16267FB6-4D18-488C-8EAD-C181528F8829}.Debug|x86.Build.0 = Debug|Win32
		{16267FB6-4D18-488C-8EAD-C181528F8829}.Release|x64.ActiveCfg = Release|x64
		{16267FB6-4D18-488C-8EAD-C181528F8829}.Release|x64.Build.0 = Release|x64
		{16267FB6-4D18-488C-8EAD-C181528F8829}.Release|x86.ActiveCfg = Release|Win32
		{16267FB6-4D18-488C-8EAD-C181528F8829}.Release|x86.Build.0 = Release|Win32
		{D95276C2-EAD5-4C96-9664-37B7E1FCE933}.Debug|x64.ActiveCfg = Debug|x64
		{D95276C2-EAD5-4C96-9664-37B7E1FCE933}.Debug|x64.Build.0 = Debug|x64
		{D95276C2-EAD5-4C96-9664-37B7E1FCE933}.Debug|x86.ActiveCfg = Debug|Win32
		{D95276C2-EAD5-4C96-9664-37B7E1FCE933}.Debug|x86.Build.0 = Debug|Win32
		{D95276C2-EAD5-4C96-9664-37B7E1FCE933}.Release|x64.ActiveCfg = Release|x64
		{D95276C2-EAD5-4C96-9664-37B7E1FCE933}.Release|x64.Build.0 = Release|x64
		{D95276C2-EAD5-4C96-9664-37B7E1FCE933}.Release|x86.ActiveCfg = Release|Win32
		{D95276C2-EAD5-4C96-9664-37B7E1FCE933}.Release|x86.Build.0 = Release|Win32
		{D52CF11E-A97A-4717-BC3D-E431457F83E8}.Debug|x64.ActiveCfg = Debug|x64
		{D52CF11E-A97A-4717-BC3D-E431457F83E8}.Debug|x64.Build.0 = Debug|x64
		{D52CF11E-A97A-4717-BC3D-E431457F83E8}.Debug|x86.ActiveCfg = Debug|Win32
		{D52CF11E-A97A-4717-BC3D-E431457F83E8}.Debug|x86.Build.0 = Debug|Win32
		{D52CF11E-A97A-4717-BC3D-E431457F83E8}.Release|x64.ActiveCfg = Release|x64
		{D52CF11E-A97A-4717-BC3D-E431457F83E8}.Release|x64.Build.0 = Release|x64
		{D52CF11E-A97A-4717-BC3D-E431457F83E8}.Release|x86.ActiveCfg = Release|Win32
		{D52CF11E-A97A-4717-BC3D-E431457F83E8}.Release|x86.Build.0 = Release|Win32
		{98D0D261-E42F-4240-AA1B-01732268F664}.Debug|x64.ActiveCfg = Debug|x64
		{98D0D261-E42F-4240-AA1B-01732268F664}.Debug|x64.Build.0 = Debug|x64
		{98D0D261-E42F-4240-AA1B-01732268F664}.Debug|x86.ActiveCfg = Debug|Win32
		{98D0D261-E42F-4240-AA1B-01732268F664}.Debug|x86.Build.0 = Debug|Win32
		{98D0D261-E42F-4240-AA1B-01732268F664}.Release|x64.ActiveCfg = Release|x64
		{98D0D261-E42F-4240-AA1B-01732268F664}.Release|x64.Build.0 = Release|x64
		{98D0D261-E42F-4240-AA1B-01732268F664}.Release|x86.ActiveCfg = Release|Win32
		{98D0D261-E42F-4240-AA1B-01732268F664}.Release|x86.Build.0 = Release|Win32
	EndGlobalSection
	GlobalSection(SolutionProperties) = preSolution
		HideSolutionNode = FALSE
	EndGlobalSection
	GlobalSection(ExtensibilityGlobals) = postSolution
		SolutionGuid = {60822B71-26F8-43D7-9C55-62C430D3ED2C}
	EndGlobalSection
EndGlobal
